
Microsoft Visual Studio Solution File, Format Version 12.00
# Visual Studio Version 16
VisualStudioVersion = 16.0.30907.101
MinimumVisualStudioVersion = 10.0.40219.1
Project("{FAE04EC0-301F-11D3-BF4B-00C04F79EFBC}") = "VarsityPlannerApp", "VarsityPlannerApp\VarsityPlannerApp.csproj", "{40315588-02DD-4C07-9A4E-E0743E639805}"
EndProject
Global
	GlobalSection(SolutionConfigurationPlatforms) = preSolution
		Debug|Any CPU = Debug|Any CPU
		Release|Any CPU = Release|Any CPU
	EndGlobalSection
	GlobalSection(ProjectConfigurationPlatforms) = postSolution
		{40315588-02DD-4C07-9A4E-E0743E639805}.Debug|Any CPU.ActiveCfg = Debug|Any CPU
		{40315588-02DD-4C07-9A4E-E0743E639805}.Debug|Any CPU.Build.0 = Debug|Any CPU
		{40315588-02DD-4C07-9A4E-E0743E639805}.Release|Any CPU.ActiveCfg = Release|Any CPU
		{40315588-02DD-4C07-9A4E-E0743E639805}.Release|Any CPU.Build.0 = Release|Any CPU
	EndGlobalSection
	GlobalSection(SolutionProperties) = preSolution
		HideSolutionNode = FALSE
	EndGlobalSection
	GlobalSection(ExtensibilityGlobals) = postSolution
		SolutionGuid = {2576A60E-48D2-43A2-B389-CD5AF7B06127}
	EndGlobalSection
EndGlobal
